
Microsoft Visual Studio Solution File, Format Version 12.00
# Visual Studio Version 17
VisualStudioVersion = 17.6.33712.159
MinimumVisualStudioVersion = 10.0.40219.1
Project("{9A19103F-16F7-4668-BE54-9A1E7A4F7556}") = "AwsAuthSync", "aws-auth-reloader\AwsAuthSync.csproj", "{0DDF41AA-8BA4-4798-A60D-0E9FF32BFF20}"
EndProject
Global
	GlobalSection(SolutionConfigurationPlatforms) = preSolution
		Debug|Any CPU = Debug|Any CPU
		Release|Any CPU = Release|Any CPU
	EndGlobalSection
	GlobalSection(ProjectConfigurationPlatforms) = postSolution
		{0DDF41AA-8BA4-4798-A60D-0E9FF32BFF20}.Debug|Any CPU.ActiveCfg = Debug|Any CPU
		{0DDF41AA-8BA4-4798-A60D-0E9FF32BFF20}.Debug|Any CPU.Build.0 = Debug|Any CPU
		{0DDF41AA-8BA4-4798-A60D-0E9FF32BFF20}.Release|Any CPU.ActiveCfg = Release|Any CPU
		{0DDF41AA-8BA4-4798-A60D-0E9FF32BFF20}.Release|Any CPU.Build.0 = Release|Any CPU
	EndGlobalSection
	GlobalSection(SolutionProperties) = preSolution
		HideSolutionNode = FALSE
	EndGlobalSection
	GlobalSection(ExtensibilityGlobals) = postSolution
		SolutionGuid = {2E5EB4F0-EF09-4889-8458-94DB1B100B2B}
	EndGlobalSection
EndGlobal
